
Microsoft Visual Studio Solution File, Format Version 12.00
# Visual Studio Version 17
VisualStudioVersion = 17.0.31903.59
MinimumVisualStudioVersion = 10.0.40219.1
Project("{2150E333-8FDC-42A3-9474-1A3956D46DE8}") = "src", "src", "{827E0CD3-B72D-47B6-A68D-7590B98EB39B}"
EndProject
Project("{FAE04EC0-301F-11D3-BF4B-00C04F79EFBC}") = "UniversidadeRH.Dominio", "src\UniversidadeRH.Dominio\UniversidadeRH.Dominio.csproj", "{B43B6267-C623-4F5D-B9C0-C4C421C77AD5}"
EndProject
Project("{FAE04EC0-301F-11D3-BF4B-00C04F79EFBC}") = "UniversidadeRH.Aplicacao", "src\UniversidadeRH.Aplicacao\UniversidadeRH.Aplicacao.csproj", "{C8CB9705-03EF-4678-934A-5072E332E684}"
EndProject
Project("{FAE04EC0-301F-11D3-BF4B-00C04F79EFBC}") = "UniversidadeRH.Infraestrutura", "src\UniversidadeRH.Infraestrutura\UniversidadeRH.Infraestrutura.csproj", "{AC293DAD-305D-4AAB-9F6B-10E28D5E7F17}"
EndProject
Project("{FAE04EC0-301F-11D3-BF4B-00C04F79EFBC}") = "UniversidadeRH.API", "src\UniversidadeRH.API\UniversidadeRH.API.csproj", "{C843C613-6327-49AB-B108-3C3C85DD7E9E}"
EndProject
Project("{2150E333-8FDC-42A3-9474-1A3956D46DE8}") = "tests", "tests", "{0AB3BF05-4346-4AA6-1389-037BE0695223}"
EndProject
Project("{FAE04EC0-301F-11D3-BF4B-00C04F79EFBC}") = "UniversidadeRH.Testes.Unidade", "tests\UniversidadeRH.Testes.Unidade\UniversidadeRH.Testes.Unidade.csproj", "{4B6914F1-1D43-4AA7-AFC2-AD3E2489BD92}"
EndProject
Project("{FAE04EC0-301F-11D3-BF4B-00C04F79EFBC}") = "UniversidadeRH.Testes.Integracao", "tests\UniversidadeRH.Testes.Integracao\UniversidadeRH.Testes.Integracao.csproj", "{08063204-F624-4D9F-AD64-EC0B2599157A}"
EndProject
Global
	GlobalSection(SolutionConfigurationPlatforms) = preSolution
		Debug|Any CPU = Debug|Any CPU
		Debug|x64 = Debug|x64
		Debug|x86 = Debug|x86
		Release|Any CPU = Release|Any CPU
		Release|x64 = Release|x64
		Release|x86 = Release|x86
	EndGlobalSection
	GlobalSection(ProjectConfigurationPlatforms) = postSolution
		{B43B6267-C623-4F5D-B9C0-C4C421C77AD5}.Debug|Any CPU.ActiveCfg = Debug|Any CPU
		{B43B6267-C623-4F5D-B9C0-C4C421C77AD5}.Debug|Any CPU.Build.0 = Debug|Any CPU
		{B43B6267-C623-4F5D-B9C0-C4C421C77AD5}.Debug|x64.ActiveCfg = Debug|Any CPU
		{B43B6267-C623-4F5D-B9C0-C4C421C77AD5}.Debug|x64.Build.0 = Debug|Any CPU
		{B43B6267-C623-4F5D-B9C0-C4C421C77AD5}.Debug|x86.ActiveCfg = Debug|Any CPU
		{B43B6267-C623-4F5D-B9C0-C4C421C77AD5}.Debug|x86.Build.0 = Debug|Any CPU
		{B43B6267-C623-4F5D-B9C0-C4C421C77AD5}.Release|Any CPU.ActiveCfg = Release|Any CPU
		{B43B6267-C623-4F5D-B9C0-C4C421C77AD5}.Release|Any CPU.Build.0 = Release|Any CPU
		{B43B6267-C623-4F5D-B9C0-C4C421C77AD5}.Release|x64.ActiveCfg = Release|Any CPU
		{B43B6267-C623-4F5D-B9C0-C4C421C77AD5}.Release|x64.Build.0 = Release|Any CPU
		{B43B6267-C623-4F5D-B9C0-C4C421C77AD5}.Release|x86.ActiveCfg = Release|Any CPU
		{B43B6267-C623-4F5D-B9C0-C4C421C77AD5}.Release|x86.Build.0 = Release|Any CPU
		{C8CB9705-03EF-4678-934A-5072E332E684}.Debug|Any CPU.ActiveCfg = Debug|Any CPU
		{C8CB9705-03EF-4678-934A-5072E332E684}.Debug|Any CPU.Build.0 = Debug|Any CPU
		{C8CB9705-03EF-4678-934A-5072E332E684}.Debug|x64.ActiveCfg = Debug|Any CPU
		{C8CB9705-03EF-4678-934A-5072E332E684}.Debug|x64.Build.0 = Debug|Any CPU
		{C8CB9705-03EF-4678-934A-5072E332E684}.Debug|x86.ActiveCfg = Debug|Any CPU
		{C8CB9705-03EF-4678-934A-5072E332E684}.Debug|x86.Build.0 = Debug|Any CPU
		{C8CB9705-03EF-4678-934A-5072E332E684}.Release|Any CPU.ActiveCfg = Release|Any CPU
		{C8CB9705-03EF-4678-934A-5072E332E684}.Release|Any CPU.Build.0 = Release|Any CPU
		{C8CB9705-03EF-4678-934A-5072E332E684}.Release|x64.ActiveCfg = Release|Any CPU
		{C8CB9705-03EF-4678-934A-5072E332E684}.Release|x64.Build.0 = Release|Any CPU
		{C8CB9705-03EF-4678-934A-5072E332E684}.Release|x86.ActiveCfg = Release|Any CPU
		{C8CB9705-03EF-4678-934A-5072E332E684}.Release|x86.Build.0 = Release|Any CPU
		{AC293DAD-305D-4AAB-9F6B-10E28D5E7F17}.Debug|Any CPU.ActiveCfg = Debug|Any CPU
		{AC293DAD-305D-4AAB-9F6B-10E28D5E7F17}.Debug|Any CPU.Build.0 = Debug|Any CPU
		{AC293DAD-305D-4AAB-9F6B-10E28D5E7F17}.Debug|x64.ActiveCfg = Debug|Any CPU
		{AC293DAD-305D-4AAB-9F6B-10E28D5E7F17}.Debug|x64.Build.0 = Debug|Any CPU
		{AC293DAD-305D-4AAB-9F6B-10E28D5E7F17}.Debug|x86.ActiveCfg = Debug|Any CPU
		{AC293DAD-305D-4AAB-9F6B-10E28D5E7F17}.Debug|x86.Build.0 = Debug|Any CPU
		{AC293DAD-305D-4AAB-9F6B-10E28D5E7F17}.Release|Any CPU.ActiveCfg = Release|Any CPU
		{AC293DAD-305D-4AAB-9F6B-10E28D5E7F17}.Release|Any CPU.Build.0 = Release|Any CPU
		{AC293DAD-305D-4AAB-9F6B-10E28D5E7F17}.Release|x64.ActiveCfg = Release|Any CPU
		{AC293DAD-305D-4AAB-9F6B-10E28D5E7F17}.Release|x64.Build.0 = Release|Any CPU
		{AC293DAD-305D-4AAB-9F6B-10E28D5E7F17}.Release|x86.ActiveCfg = Release|Any CPU
		{AC293DAD-305D-4AAB-9F6B-10E28D5E7F17}.Release|x86.Build.0 = Release|Any CPU
		{C843C613-6327-49AB-B108-3C3C85DD7E9E}.Debug|Any CPU.ActiveCfg = Debug|Any CPU
		{C843C613-6327-49AB-B108-3C3C85DD7E9E}.Debug|Any CPU.Build.0 = Debug|Any CPU
		{C843C613-6327-49AB-B108-3C3C85DD7E9E}.Debug|x64.ActiveCfg = Debug|Any CPU
		{C843C613-6327-49AB-B108-3C3C85DD7E9E}.Debug|x64.Build.0 = Debug|Any CPU
		{C843C613-6327-49AB-B108-3C3C85DD7E9E}.Debug|x86.ActiveCfg = Debug|Any CPU
		{C843C613-6327-49AB-B108-3C3C85DD7E9E}.Debug|x86.Build.0 = Debug|Any CPU
		{C843C613-6327-49AB-B108-3C3C85DD7E9E}.Release|Any CPU.ActiveCfg = Release|Any CPU
		{C843C613-6327-49AB-B108-3C3C85DD7E9E}.Release|Any CPU.Build.0 = Release|Any CPU
		{C843C613-6327-49AB-B108-3C3C85DD7E9E}.Release|x64.ActiveCfg = Release|Any CPU
		{C843C613-6327-49AB-B108-3C3C85DD7E9E}.Release|x64.Build.0 = Release|Any CPU
		{C843C613-6327-49AB-B108-3C3C85DD7E9E}.Release|x86.ActiveCfg = Release|Any CPU
		{C843C613-6327-49AB-B108-3C3C85DD7E9E}.Release|x86.Build.0 = Release|Any CPU
		{4B6914F1-1D43-4AA7-AFC2-AD3E2489BD92}.Debug|Any CPU.ActiveCfg = Debug|Any CPU
		{4B6914F1-1D43-4AA7-AFC2-AD3E2489BD92}.Debug|Any CPU.Build.0 = Debug|Any CPU
		{4B6914F1-1D43-4AA7-AFC2-AD3E2489BD92}.Debug|x64.ActiveCfg = Debug|Any CPU
		{4B6914F1-1D43-4AA7-AFC2-AD3E2489BD92}.Debug|x64.Build.0 = Debug|Any CPU
		{4B6914F1-1D43-4AA7-AFC2-AD3E2489BD92}.Debug|x86.ActiveCfg = Debug|Any CPU
		{4B6914F1-1D43-4AA7-AFC2-AD3E2489BD92}.Debug|x86.Build.0 = Debug|Any CPU
		{4B6914F1-1D43-4AA7-AFC2-AD3E2489BD92}.Release|Any CPU.ActiveCfg = Release|Any CPU
		{4B6914F1-1D43-4AA7-AFC2-AD3E2489BD92}.Release|Any CPU.Build.0 = Release|Any CPU
		{4B6914F1-1D43-4AA7-AFC2-AD3E2489BD92}.Release|x64.ActiveCfg = Release|Any CPU
		{4B6914F1-1D43-4AA7-AFC2-AD3E2489BD92}.Release|x64.Build.0 = Release|Any CPU
		{4B6914F1-1D43-4AA7-AFC2-AD3E2489BD92}.Release|x86.ActiveCfg = Release|Any CPU
		{4B6914F1-1D43-4AA7-AFC2-AD3E2489BD92}.Release|x86.Build.0 = Release|Any CPU
		{08063204-F624-4D9F-AD64-EC0B2599157A}.Debug|Any CPU.ActiveCfg = Debug|Any CPU
		{08063204-F624-4D9F-AD64-EC0B2599157A}.Debug|Any CPU.Build.0 = Debug|Any CPU
		{08063204-F624-4D9F-AD64-EC0B2599157A}.Debug|x64.ActiveCfg = Debug|Any CPU
		{08063204-F624-4D9F-AD64-EC0B2599157A}.Debug|x64.Build.0 = Debug|Any CPU
		{08063204-F624-4D9F-AD64-EC0B2599157A}.Debug|x86.ActiveCfg = Debug|Any CPU
		{08063204-F624-4D9F-AD64-EC0B2599157A}.Debug|x86.Build.0 = Debug|Any CPU
		{08063204-F624-4D9F-AD64-EC0B2599157A}.Release|Any CPU.ActiveCfg = Release|Any CPU
		{08063204-F624-4D9F-AD64-EC0B2599157A}.Release|Any CPU.Build.0 = Release|Any CPU
		{08063204-F624-4D9F-AD64-EC0B2599157A}.Release|x64.ActiveCfg = Release|Any CPU
		{08063204-F624-4D9F-AD64-EC0B2599157A}.Release|x64.Build.0 = Release|Any CPU
		{08063204-F624-4D9F-AD64-EC0B2599157A}.Release|x86.ActiveCfg = Release|Any CPU
		{08063204-F624-4D9F-AD64-EC0B2599157A}.Release|x86.Build.0 = Release|Any CPU
	EndGlobalSection
	GlobalSection(SolutionProperties) = preSolution
		HideSolutionNode = FALSE
	EndGlobalSection
	GlobalSection(NestedProjects) = preSolution
		{B43B6267-C623-4F5D-B9C0-C4C421C77AD5} = {827E0CD3-B72D-47B6-A68D-7590B98EB39B}
		{C8CB9705-03EF-4678-934A-5072E332E684} = {827E0CD3-B72D-47B6-A68D-7590B98EB39B}
		{AC293DAD-305D-4AAB-9F6B-10E28D5E7F17} = {827E0CD3-B72D-47B6-A68D-7590B98EB39B}
		{C843C613-6327-49AB-B108-3C3C85DD7E9E} = {827E0CD3-B72D-47B6-A68D-7590B98EB39B}
		{4B6914F1-1D43-4AA7-AFC2-AD3E2489BD92} = {0AB3BF05-4346-4AA6-1389-037BE0695223}
		{08063204-F624-4D9F-AD64-EC0B2599157A} = {0AB3BF05-4346-4AA6-1389-037BE0695223}
	EndGlobalSection
EndGlobal
